
Microsoft Visual Studio Solution File, Format Version 12.00
# Visual Studio Version 17
VisualStudioVersion = 17.2.32516.85
MinimumVisualStudioVersion = 10.0.40219.1
Project("{FAE04EC0-301F-11D3-BF4B-00C04F79EFBC}") = "SalaryFond", "SalaryFond\SalaryFond.csproj", "{A97B668E-3B4A-471C-860B-2291725D2EDE}"
EndProject
Global
	GlobalSection(SolutionConfigurationPlatforms) = preSolution
		Debug|Any CPU = Debug|Any CPU
		Release|Any CPU = Release|Any CPU
	EndGlobalSection
	GlobalSection(ProjectConfigurationPlatforms) = postSolution
		{A97B668E-3B4A-471C-860B-2291725D2EDE}.Debug|Any CPU.ActiveCfg = Debug|Any CPU
		{A97B668E-3B4A-471C-860B-2291725D2EDE}.Debug|Any CPU.Build.0 = Debug|Any CPU
		{A97B668E-3B4A-471C-860B-2291725D2EDE}.Release|Any CPU.ActiveCfg = Release|Any CPU
		{A97B668E-3B4A-471C-860B-2291725D2EDE}.Release|Any CPU.Build.0 = Release|Any CPU
	EndGlobalSection
	GlobalSection(SolutionProperties) = preSolution
		HideSolutionNode = FALSE
	EndGlobalSection
	GlobalSection(ExtensibilityGlobals) = postSolution
		SolutionGuid = {6A550BA1-F935-433C-8A0E-1B02D917FF3F}
	EndGlobalSection
EndGlobal
